
Microsoft Visual Studio Solution File, Format Version 12.00
# Visual Studio Version 17
VisualStudioVersion = 17.12.35707.178
MinimumVisualStudioVersion = 10.0.40219.1
Project("{FAE04EC0-301F-11D3-BF4B-00C04F79EFBC}") = "SqlSchemaProviderHarnessTester", "SqlSchemaProviderHarnessTester\SqlSchemaProviderHarnessTester.csproj", "{2C5A57C6-8D2F-44D7-A3D1-BE04E9F5E9F5}"
EndProject
Project("{FAE04EC0-301F-11D3-BF4B-00C04F79EFBC}") = "SQLServerSchemaExtractor", "SQLServerSchemaExtractor\SQLServerSchemaExtractor.csproj", "{D778AA51-347A-4491-A80D-1FD5AE3613A8}"
EndProject
Global
	GlobalSection(SolutionConfigurationPlatforms) = preSolution
		Debug|Any CPU = Debug|Any CPU
		Release|Any CPU = Release|Any CPU
	EndGlobalSection
	GlobalSection(ProjectConfigurationPlatforms) = postSolution
		{2C5A57C6-8D2F-44D7-A3D1-BE04E9F5E9F5}.Debug|Any CPU.ActiveCfg = Debug|Any CPU
		{2C5A57C6-8D2F-44D7-A3D1-BE04E9F5E9F5}.Debug|Any CPU.Build.0 = Debug|Any CPU
		{2C5A57C6-8D2F-44D7-A3D1-BE04E9F5E9F5}.Release|Any CPU.ActiveCfg = Release|Any CPU
		{2C5A57C6-8D2F-44D7-A3D1-BE04E9F5E9F5}.Release|Any CPU.Build.0 = Release|Any CPU
		{D778AA51-347A-4491-A80D-1FD5AE3613A8}.Debug|Any CPU.ActiveCfg = Debug|Any CPU
		{D778AA51-347A-4491-A80D-1FD5AE3613A8}.Debug|Any CPU.Build.0 = Debug|Any CPU
		{D778AA51-347A-4491-A80D-1FD5AE3613A8}.Release|Any CPU.ActiveCfg = Release|Any CPU
		{D778AA51-347A-4491-A80D-1FD5AE3613A8}.Release|Any CPU.Build.0 = Release|Any CPU
	EndGlobalSection
	GlobalSection(SolutionProperties) = preSolution
		HideSolutionNode = FALSE
	EndGlobalSection
EndGlobal
